{
  "name": "k6-test",
  "version": "1.0.0",
  "lockfileVersion": 3,
  "requires": true,
  "packages": {
    "": {
      "name": "k6-test",
      "version": "1.0.0",
      "license": "ISC",
      "dependencies": {
        "k6": "^0.0.0"
      },
      "devDependencies": {
        "@types/k6": "^0.53.0",
        "typescript": "^5.5.4"
      }
    },
    "node_modules/@types/k6": {
      "version": "0.53.0",
      "resolved": "https://registry.npmjs.org/@types/k6/-/k6-0.53.0.tgz",
      "integrity": "sha512-5gvPxn4I7b08AS0UZPjYALg4rg4rslSNVfHPiZ1ta0EEwsJOd+uKMkvwGkQOKy0a/8HAfthxD61Qci1kXcJOjg==",
      "dev": true
    },
    "node_modules/k6": {
      "version": "0.0.0",
      "resolved": "https://registry.npmjs.org/k6/-/k6-0.0.0.tgz",
      "integrity": "sha512-GAQSWayS2+LjbH5bkRi+pMPYyP1JSp7o+4j58ANZ762N/RH/SdlAT3CHHztnn8s/xgg8kYNM24Gd2IPo9b5W+g=="
    },
    "node_modules/typescript": {
      "version": "5.5.4",
      "resolved": "https://registry.npmjs.org/typescript/-/typescript-5.5.4.tgz",
      "integrity": "sha512-Mtq29sKDAEYP7aljRgtPOpTvOfbwRWlS6dPRzwjdE+C0R4brX/GUyhHSecbHMFLNBLcJIPt9nl9yG5TZ1weH+Q==",
      "dev": true,
      "bin": {
        "tsc": "bin/tsc",
        "tsserver": "bin/tsserver"
      },
      "engines": {
        "node": ">=14.17"
      }
    }
  }
}
